Microsoft Visual Studio Solution File, Format Version 12.00
# Visual Studio Version 17
VisualStudioVersion = 17.5.2.0
MinimumVisualStudioVersion = 10.0.40219.1
Project("{FAE04EC0-301F-11D3-BF4B-00C04F79EFBC}") = "Reignite.API", "Reignite.API.csproj", "{67B8B842-606D-BD75-0D3D-0E9304558038}"
EndProject
Global
	GlobalSection(SolutionConfigurationPlatforms) = preSolution
		Debug|Any CPU = Debug|Any CPU
		Release|Any CPU = Release|Any CPU
	EndGlobalSection
	GlobalSection(ProjectConfigurationPlatforms) = postSolution
		{67B8B842-606D-BD75-0D3D-0E9304558038}.Debug|Any CPU.ActiveCfg = Debug|Any CPU
		{67B8B842-606D-BD75-0D3D-0E9304558038}.Debug|Any CPU.Build.0 = Debug|Any CPU
		{67B8B842-606D-BD75-0D3D-0E9304558038}.Release|Any CPU.ActiveCfg = Release|Any CPU
		{67B8B842-606D-BD75-0D3D-0E9304558038}.Release|Any CPU.Build.0 = Release|Any CPU
	EndGlobalSection
	GlobalSection(SolutionProperties) = preSolution
		HideSolutionNode = FALSE
	EndGlobalSection
	GlobalSection(ExtensibilityGlobals) = postSolution
		SolutionGuid = {736AE63C-198D-4231-ACCE-B43768F9EF0F}
	EndGlobalSection
EndGlobal
